
Microsoft Visual Studio Solution File, Format Version 12.00
Project("{2150E333-8FDC-42A3-9474-1A3956D46DE8}") = "src", "src", "{4AEC9B6E-91F2-4493-81AB-1C120D274D46}"
EndProject
Project("{2150E333-8FDC-42A3-9474-1A3956D46DE8}") = "tests", "tests", "{70C0D945-17B6-48C0-85B1-0BEB8466E75A}"
EndProject
Project("{2150E333-8FDC-42A3-9474-1A3956D46DE8}") = "deploy", "deploy", "{FE4F94AB-2E88-4FFA-9CC4-7ADEC84F12B0}"
EndProject
Project("{FAE04EC0-301F-11D3-BF4B-00C04F79EFBC}") = "Api", "src\Api\Api.csproj", "{1D493DC5-4BA3-4A14-B3D9-9F04A6242174}"
EndProject
Project("{FAE04EC0-301F-11D3-BF4B-00C04F79EFBC}") = "Domain", "src\Domain\Domain.csproj", "{8EAC06B7-F277-4C50-840D-A93D62A5A3CE}"
EndProject
Project("{FAE04EC0-301F-11D3-BF4B-00C04F79EFBC}") = "Infrastructure", "src\Infrastructure\Infrastructure.csproj", "{01BF536A-D957-40DA-979A-5DDA2AF19402}"
EndProject
Project("{FAE04EC0-301F-11D3-BF4B-00C04F79EFBC}") = "UseCase", "src\UseCases\UseCases.csproj", "{7113DDC3-8AFD-468E-A933-93D559906606}"
EndProject
Global
	GlobalSection(SolutionConfigurationPlatforms) = preSolution
		Debug|Any CPU = Debug|Any CPU
		Release|Any CPU = Release|Any CPU
	EndGlobalSection
	GlobalSection(NestedProjects) = preSolution
		{1D493DC5-4BA3-4A14-B3D9-9F04A6242174} = {4AEC9B6E-91F2-4493-81AB-1C120D274D46}
		{8EAC06B7-F277-4C50-840D-A93D62A5A3CE} = {4AEC9B6E-91F2-4493-81AB-1C120D274D46}
		{01BF536A-D957-40DA-979A-5DDA2AF19402} = {4AEC9B6E-91F2-4493-81AB-1C120D274D46}
		{7113DDC3-8AFD-468E-A933-93D559906606} = {4AEC9B6E-91F2-4493-81AB-1C120D274D46}
	EndGlobalSection
	GlobalSection(ProjectConfigurationPlatforms) = postSolution
		{1D493DC5-4BA3-4A14-B3D9-9F04A6242174}.Debug|Any CPU.ActiveCfg = Debug|Any CPU
		{1D493DC5-4BA3-4A14-B3D9-9F04A6242174}.Debug|Any CPU.Build.0 = Debug|Any CPU
		{1D493DC5-4BA3-4A14-B3D9-9F04A6242174}.Release|Any CPU.ActiveCfg = Release|Any CPU
		{1D493DC5-4BA3-4A14-B3D9-9F04A6242174}.Release|Any CPU.Build.0 = Release|Any CPU
		{8EAC06B7-F277-4C50-840D-A93D62A5A3CE}.Debug|Any CPU.ActiveCfg = Debug|Any CPU
		{8EAC06B7-F277-4C50-840D-A93D62A5A3CE}.Debug|Any CPU.Build.0 = Debug|Any CPU
		{8EAC06B7-F277-4C50-840D-A93D62A5A3CE}.Release|Any CPU.ActiveCfg = Release|Any CPU
		{8EAC06B7-F277-4C50-840D-A93D62A5A3CE}.Release|Any CPU.Build.0 = Release|Any CPU
		{01BF536A-D957-40DA-979A-5DDA2AF19402}.Debug|Any CPU.ActiveCfg = Debug|Any CPU
		{01BF536A-D957-40DA-979A-5DDA2AF19402}.Debug|Any CPU.Build.0 = Debug|Any CPU
		{01BF536A-D957-40DA-979A-5DDA2AF19402}.Release|Any CPU.ActiveCfg = Release|Any CPU
		{01BF536A-D957-40DA-979A-5DDA2AF19402}.Release|Any CPU.Build.0 = Release|Any CPU
		{7113DDC3-8AFD-468E-A933-93D559906606}.Debug|Any CPU.ActiveCfg = Debug|Any CPU
		{7113DDC3-8AFD-468E-A933-93D559906606}.Debug|Any CPU.Build.0 = Debug|Any CPU
		{7113DDC3-8AFD-468E-A933-93D559906606}.Release|Any CPU.ActiveCfg = Release|Any CPU
		{7113DDC3-8AFD-468E-A933-93D559906606}.Release|Any CPU.Build.0 = Release|Any CPU
	EndGlobalSection
EndGlobal
